
Microsoft Visual Studio Solution File, Format Version 12.00
# Visual Studio 15
VisualStudioVersion = 15.0.28010.2048
MinimumVisualStudioVersion = 10.0.40219.1
Project("{FAE04EC0-301F-11D3-BF4B-00C04F79EFBC}") = "DemoNhibernate", "DemoNhibernate\DemoNhibernate.csproj", "{410C03B6-8522-49AE-A4D1-0D676AB8C8EF}"
EndProject
Project("{FAE04EC0-301F-11D3-BF4B-00C04F79EFBC}") = "DemoNhibernate.Tests", "DemoNhibernate.Tests\DemoNhibernate.Tests.csproj", "{ED5F710F-30B5-4A81-9C68-0EF8514AA859}"
EndProject
Global
	GlobalSection(SolutionConfigurationPlatforms) = preSolution
		Debug|Any CPU = Debug|Any CPU
		Release|Any CPU = Release|Any CPU
	EndGlobalSection
	GlobalSection(ProjectConfigurationPlatforms) = postSolution
		{410C03B6-8522-49AE-A4D1-0D676AB8C8EF}.Debug|Any CPU.ActiveCfg = Debug|Any CPU
		{410C03B6-8522-49AE-A4D1-0D676AB8C8EF}.Debug|Any CPU.Build.0 = Debug|Any CPU
		{410C03B6-8522-49AE-A4D1-0D676AB8C8EF}.Release|Any CPU.ActiveCfg = Release|Any CPU
		{410C03B6-8522-49AE-A4D1-0D676AB8C8EF}.Release|Any CPU.Build.0 = Release|Any CPU
		{ED5F710F-30B5-4A81-9C68-0EF8514AA859}.Debug|Any CPU.ActiveCfg = Debug|Any CPU
		{ED5F710F-30B5-4A81-9C68-0EF8514AA859}.Debug|Any CPU.Build.0 = Debug|Any CPU
		{ED5F710F-30B5-4A81-9C68-0EF8514AA859}.Release|Any CPU.ActiveCfg = Release|Any CPU
		{ED5F710F-30B5-4A81-9C68-0EF8514AA859}.Release|Any CPU.Build.0 = Release|Any CPU
	EndGlobalSection
	GlobalSection(SolutionProperties) = preSolution
		HideSolutionNode = FALSE
	EndGlobalSection
	GlobalSection(ExtensibilityGlobals) = postSolution
		SolutionGuid = {D293C279-1F8B-4934-8891-6C8FE6E5CAA4}
	EndGlobalSection
EndGlobal
